Microsoft Visual Studio Solution File, Format Version 12.00
# Visual Studio 2012
Project("{FAE04EC0-301F-11D3-BF4B-00C04F79EFBC}") = "Sunaba.Player", "Sunaba.Player.csproj", "{2E95608B-6AF2-4911-8594-98CE5AAB4006}"
EndProject
Global
	GlobalSection(SolutionConfigurationPlatforms) = preSolution
	Debug|Any CPU = Debug|Any CPU
	ExportDebug|Any CPU = ExportDebug|Any CPU
	ExportRelease|Any CPU = ExportRelease|Any CPU
	EndGlobalSection
	GlobalSection(ProjectConfigurationPlatforms) = postSolution
		{2E95608B-6AF2-4911-8594-98CE5AAB4006}.Debug|Any CPU.ActiveCfg = Debug|Any CPU
		{2E95608B-6AF2-4911-8594-98CE5AAB4006}.Debug|Any CPU.Build.0 = Debug|Any CPU
		{2E95608B-6AF2-4911-8594-98CE5AAB4006}.ExportDebug|Any CPU.ActiveCfg = ExportDebug|Any CPU
		{2E95608B-6AF2-4911-8594-98CE5AAB4006}.ExportDebug|Any CPU.Build.0 = ExportDebug|Any CPU
		{2E95608B-6AF2-4911-8594-98CE5AAB4006}.ExportRelease|Any CPU.ActiveCfg = ExportRelease|Any CPU
		{2E95608B-6AF2-4911-8594-98CE5AAB4006}.ExportRelease|Any CPU.Build.0 = ExportRelease|Any CPU
	EndGlobalSection
EndGlobal
